
Microsoft Visual Studio Solution File, Format Version 12.00
# Visual Studio Version 17
VisualStudioVersion = 17.0.31919.166
MinimumVisualStudioVersion = 10.0.40219.1
Project("{FAE04EC0-301F-11D3-BF4B-00C04F79EFBC}") = "MetAPIEx", "MetAPIEx\MetAPIEx.csproj", "{991CBAC8-7ABD-450B-96DC-077415DAC94C}"
EndProject
Project("{FAE04EC0-301F-11D3-BF4B-00C04F79EFBC}") = "DBLayer", "DBLayer\DBLayer.csproj", "{11605F81-72DA-494A-90EE-800325143ED2}"
EndProject
Project("{FAE04EC0-301F-11D3-BF4B-00C04F79EFBC}") = "BusLayer", "BusLayer\BusLayer.csproj", "{A7300795-EB44-428E-8CBE-8FF2CC803E25}"
EndProject
Project("{FAE04EC0-301F-11D3-BF4B-00C04F79EFBC}") = "WebApplicationApi", "WebApplicationApi\WebApplicationApi.csproj", "{510D836E-392F-4A24-8715-6EB4D9439D4D}"
EndProject
Global
	GlobalSection(SolutionConfigurationPlatforms) = preSolution
		Debug|Any CPU = Debug|Any CPU
		Release|Any CPU = Release|Any CPU
	EndGlobalSection
	GlobalSection(ProjectConfigurationPlatforms) = postSolution
		{991CBAC8-7ABD-450B-96DC-077415DAC94C}.Debug|Any CPU.ActiveCfg = Debug|Any CPU
		{991CBAC8-7ABD-450B-96DC-077415DAC94C}.Debug|Any CPU.Build.0 = Debug|Any CPU
		{991CBAC8-7ABD-450B-96DC-077415DAC94C}.Release|Any CPU.ActiveCfg = Release|Any CPU
		{991CBAC8-7ABD-450B-96DC-077415DAC94C}.Release|Any CPU.Build.0 = Release|Any CPU
		{11605F81-72DA-494A-90EE-800325143ED2}.Debug|Any CPU.ActiveCfg = Debug|Any CPU
		{11605F81-72DA-494A-90EE-800325143ED2}.Debug|Any CPU.Build.0 = Debug|Any CPU
		{11605F81-72DA-494A-90EE-800325143ED2}.Release|Any CPU.ActiveCfg = Release|Any CPU
		{11605F81-72DA-494A-90EE-800325143ED2}.Release|Any CPU.Build.0 = Release|Any CPU
		{A7300795-EB44-428E-8CBE-8FF2CC803E25}.Debug|Any CPU.ActiveCfg = Debug|Any CPU
		{A7300795-EB44-428E-8CBE-8FF2CC803E25}.Debug|Any CPU.Build.0 = Debug|Any CPU
		{A7300795-EB44-428E-8CBE-8FF2CC803E25}.Release|Any CPU.ActiveCfg = Release|Any CPU
		{A7300795-EB44-428E-8CBE-8FF2CC803E25}.Release|Any CPU.Build.0 = Release|Any CPU
		{510D836E-392F-4A24-8715-6EB4D9439D4D}.Debug|Any CPU.ActiveCfg = Debug|Any CPU
		{510D836E-392F-4A24-8715-6EB4D9439D4D}.Debug|Any CPU.Build.0 = Debug|Any CPU
		{510D836E-392F-4A24-8715-6EB4D9439D4D}.Release|Any CPU.ActiveCfg = Release|Any CPU
		{510D836E-392F-4A24-8715-6EB4D9439D4D}.Release|Any CPU.Build.0 = Release|Any CPU
	EndGlobalSection
	GlobalSection(SolutionProperties) = preSolution
		HideSolutionNode = FALSE
	EndGlobalSection
	GlobalSection(ExtensibilityGlobals) = postSolution
		SolutionGuid = {47C71933-E090-4F87-89C4-501DCD4B5272}
	EndGlobalSection
EndGlobal
